
Microsoft Visual Studio Solution File, Format Version 12.00
# Visual Studio 15
VisualStudioVersion = 15.0.26730.8
MinimumVisualStudioVersion = 10.0.40219.1
Project("{FAE04EC0-301F-11D3-BF4B-00C04F79EFBC}") = "Aula0003", "Aula0003\Aula0003.csproj", "{C189D190-10E7-4F5C-9593-901A0356C739}"
EndProject
Global
	GlobalSection(SolutionConfigurationPlatforms) = preSolution
		Debug|Any CPU = Debug|Any CPU
		Release|Any CPU = Release|Any CPU
	EndGlobalSection
	GlobalSection(ProjectConfigurationPlatforms) = postSolution
		{C189D190-10E7-4F5C-9593-901A0356C739}.Debug|Any CPU.ActiveCfg = Debug|Any CPU
		{C189D190-10E7-4F5C-9593-901A0356C739}.Debug|Any CPU.Build.0 = Debug|Any CPU
		{C189D190-10E7-4F5C-9593-901A0356C739}.Release|Any CPU.ActiveCfg = Release|Any CPU
		{C189D190-10E7-4F5C-9593-901A0356C739}.Release|Any CPU.Build.0 = Release|Any CPU
	EndGlobalSection
	GlobalSection(SolutionProperties) = preSolution
		HideSolutionNode = FALSE
	EndGlobalSection
	GlobalSection(ExtensibilityGlobals) = postSolution
		SolutionGuid = {45619AB4-7000-4A89-BC30-A8586461F4DB}
	EndGlobalSection
EndGlobal
